
Microsoft Visual Studio Solution File, Format Version 12.00
# Visual Studio 15
VisualStudioVersion = 15.0.26228.9
MinimumVisualStudioVersion = 10.0.40219.1
Project("{8BC9CEB8-8B4A-11D0-8D11-00A0C91BC942}") = "AdvancedProgramming-HW1", "AdvancedProgramming-HW1\AdvancedProgramming-HW1.vcxproj", "{1C57AC0E-4189-4F80-8259-C9520ECD2408}"
EndProject
Project("{8BC9CEB8-8B4A-11D0-8D11-00A0C91BC942}") = "AdvancedProgramming-HW2", "AdvancedProgramming-HW2\AdvancedProgramming-HW2.vcxproj", "{6DA610F2-2F18-451B-93E5-A39A3340F046}"
EndProject
Project("{8BC9CEB8-8B4A-11D0-8D11-00A0C91BC942}") = "SmartAlgorithm", "SmartAlgorithm\SmartAlgorithm.vcxproj", "{D7D1AD12-66BE-4EAA-BC69-5C8E9D160535}"
EndProject
Project("{8BC9CEB8-8B4A-11D0-8D11-00A0C91BC942}") = "NaiveAlgorithm", "NaiveAlgorithm\NaiveAlgorithm.vcxproj", "{E739926F-9490-4528-94B2-C7FDFEA0A595}"
EndProject
Project("{8BC9CEB8-8B4A-11D0-8D11-00A0C91BC942}") = "FileAlgorithm", "FileAlgorithm\FileAlgorithm.vcxproj", "{7F3CEFC2-1452-4D87-A888-2EF009E7FAB3}"
EndProject
Project("{8BC9CEB8-8B4A-11D0-8D11-00A0C91BC942}") = "GameManager", "GameManager\GameManager.vcxproj", "{4BE57681-E983-4549-B02E-A31B4E6E44C4}"
EndProject
Project("{8BC9CEB8-8B4A-11D0-8D11-00A0C91BC942}") = "AdvancedProgramming-HW3", "AdvancedProgramming-HW3\AdvancedProgramming-HW3.vcxproj", "{585B5170-1D9D-441F-9A9E-22A1F2543039}"
EndProject
Project("{8BC9CEB8-8B4A-11D0-8D11-00A0C91BC942}") = "AdvancedProgramming-HW3Official", "AdvancedProgramming-HW3Official\AdvancedProgramming-HW3Official.vcxproj", "{7703C732-05C9-4428-9CCD-D5176F3D0AFC}"
EndProject
Global
	GlobalSection(SolutionConfigurationPlatforms) = preSolution
		Debug|x64 = Debug|x64
		Debug|x86 = Debug|x86
		Release|x64 = Release|x64
		Release|x86 = Release|x86
	EndGlobalSection
	GlobalSection(ProjectConfigurationPlatforms) = postSolution
		{1C57AC0E-4189-4F80-8259-C9520ECD2408}.Debug|x64.ActiveCfg = Debug|x64
		{1C57AC0E-4189-4F80-8259-C9520ECD2408}.Debug|x64.Build.0 = Debug|x64
		{1C57AC0E-4189-4F80-8259-C9520ECD2408}.Debug|x86.ActiveCfg = Debug|Win32
		{1C57AC0E-4189-4F80-8259-C9520ECD2408}.Debug|x86.Build.0 = Debug|Win32
		{1C57AC0E-4189-4F80-8259-C9520ECD2408}.Release|x64.ActiveCfg = Release|x64
		{1C57AC0E-4189-4F80-8259-C9520ECD2408}.Release|x64.Build.0 = Release|x64
		{1C57AC0E-4189-4F80-8259-C9520ECD2408}.Release|x86.ActiveCfg = Release|Win32
		{1C57AC0E-4189-4F80-8259-C9520ECD2408}.Release|x86.Build.0 = Release|Win32
		{6DA610F2-2F18-451B-93E5-A39A3340F046}.Debug|x64.ActiveCfg = Debug|x64
		{6DA610F2-2F18-451B-93E5-A39A3340F046}.Debug|x64.Build.0 = Debug|x64
		{6DA610F2-2F18-451B-93E5-A39A3340F046}.Debug|x86.ActiveCfg = Debug|Win32
		{6DA610F2-2F18-451B-93E5-A39A3340F046}.Debug|x86.Build.0 = Debug|Win32
		{6DA610F2-2F18-451B-93E5-A39A3340F046}.Release|x64.ActiveCfg = Release|x64
		{6DA610F2-2F18-451B-93E5-A39A3340F046}.Release|x64.Build.0 = Release|x64
		{6DA610F2-2F18-451B-93E5-A39A3340F046}.Release|x86.ActiveCfg = Release|Win32
		{6DA610F2-2F18-451B-93E5-A39A3340F046}.Release|x86.Build.0 = Release|Win32
		{D7D1AD12-66BE-4EAA-BC69-5C8E9D160535}.Debug|x64.ActiveCfg = Debug|x64
		{D7D1AD12-66BE-4EAA-BC69-5C8E9D160535}.Debug|x64.Build.0 = Debug|x64
		{D7D1AD12-66BE-4EAA-BC69-5C8E9D160535}.Debug|x86.ActiveCfg = Debug|Win32
		{D7D1AD12-66BE-4EAA-BC69-5C8E9D160535}.Debug|x86.Build.0 = Debug|Win32
		{D7D1AD12-66BE-4EAA-BC69-5C8E9D160535}.Release|x64.ActiveCfg = Release|x64
		{D7D1AD12-66BE-4EAA-BC69-5C8E9D160535}.Release|x64.Build.0 = Release|x64
		{D7D1AD12-66BE-4EAA-BC69-5C8E9D160535}.Release|x86.ActiveCfg = Release|Win32
		{D7D1AD12-66BE-4EAA-BC69-5C8E9D160535}.Release|x86.Build.0 = Release|Win32
		{E739926F-9490-4528-94B2-C7FDFEA0A595}.Debug|x64.ActiveCfg = Debug|x64
		{E739926F-9490-4528-94B2-C7FDFEA0A595}.Debug|x64.Build.0 = Debug|x64
		{E739926F-9490-4528-94B2-C7FDFEA0A595}.Debug|x86.ActiveCfg = Debug|Win32
		{E739926F-9490-4528-94B2-C7FDFEA0A595}.Debug|x86.Build.0 = Debug|Win32
		{E739926F-9490-4528-94B2-C7FDFEA0A595}.Release|x64.ActiveCfg = Release|x64
		{E739926F-9490-4528-94B2-C7FDFEA0A595}.Release|x64.Build.0 = Release|x64
		{E739926F-9490-4528-94B2-C7FDFEA0A595}.Release|x86.ActiveCfg = Release|Win32
		{E739926F-9490-4528-94B2-C7FDFEA0A595}.Release|x86.Build.0 = Release|Win32
		{7F3CEFC2-1452-4D87-A888-2EF009E7FAB3}.Debug|x64.ActiveCfg = Debug|x64
		{7F3CEFC2-1452-4D87-A888-2EF009E7FAB3}.Debug|x64.Build.0 = Debug|x64
		{7F3CEFC2-1452-4D87-A888-2EF009E7FAB3}.Debug|x86.ActiveCfg = Debug|Win32
		{7F3CEFC2-1452-4D87-A888-2EF009E7FAB3}.Debug|x86.Build.0 = Debug|Win32
		{7F3CEFC2-1452-4D87-A888-2EF009E7FAB3}.Release|x64.ActiveCfg = Release|x64
		{7F3CEFC2-1452-4D87-A888-2EF009E7FAB3}.Release|x64.Build.0 = Release|x64
		{7F3CEFC2-1452-4D87-A888-2EF009E7FAB3}.Release|x86.ActiveCfg = Release|Win32
		{7F3CEFC2-1452-4D87-A888-2EF009E7FAB3}.Release|x86.Build.0 = Release|Win32
		{4BE57681-E983-4549-B02E-A31B4E6E44C4}.Debug|x64.ActiveCfg = Debug|x64
		{4BE57681-E983-4549-B02E-A31B4E6E44C4}.Debug|x64.Build.0 = Debug|x64
		{4BE57681-E983-4549-B02E-A31B4E6E44C4}.Debug|x86.ActiveCfg = Debug|Win32
		{4BE57681-E983-4549-B02E-A31B4E6E44C4}.Debug|x86.Build.0 = Debug|Win32
		{4BE57681-E983-4549-B02E-A31B4E6E44C4}.Release|x64.ActiveCfg = Release|x64
		{4BE57681-E983-4549-B02E-A31B4E6E44C4}.Release|x64.Build.0 = Release|x64
		{4BE57681-E983-4549-B02E-A31B4E6E44C4}.Release|x86.ActiveCfg = Release|Win32
		{4BE57681-E983-4549-B02E-A31B4E6E44C4}.Release|x86.Build.0 = Release|Win32
		{585B5170-1D9D-441F-9A9E-22A1F2543039}.Debug|x64.ActiveCfg = Debug|x64
		{585B5170-1D9D-441F-9A9E-22A1F2543039}.Debug|x64.Build.0 = Debug|x64
		{585B5170-1D9D-441F-9A9E-22A1F2543039}.Debug|x86.ActiveCfg = Debug|Win32
		{585B5170-1D9D-441F-9A9E-22A1F2543039}.Debug|x86.Build.0 = Debug|Win32
		{585B5170-1D9D-441F-9A9E-22A1F2543039}.Release|x64.ActiveCfg = Release|x64
		{585B5170-1D9D-441F-9A9E-22A1F2543039}.Release|x64.Build.0 = Release|x64
		{585B5170-1D9D-441F-9A9E-22A1F2543039}.Release|x86.ActiveCfg = Release|Win32
		{585B5170-1D9D-441F-9A9E-22A1F2543039}.Release|x86.Build.0 = Release|Win32
		{7703C732-05C9-4428-9CCD-D5176F3D0AFC}.Debug|x64.ActiveCfg = Debug|x64
		{7703C732-05C9-4428-9CCD-D5176F3D0AFC}.Debug|x64.Build.0 = Debug|x64
		{7703C732-05C9-4428-9CCD-D5176F3D0AFC}.Debug|x86.ActiveCfg = Debug|Win32
		{7703C732-05C9-4428-9CCD-D5176F3D0AFC}.Debug|x86.Build.0 = Debug|Win32
		{7703C732-05C9-4428-9CCD-D5176F3D0AFC}.Release|x64.ActiveCfg = Release|x64
		{7703C732-05C9-4428-9CCD-D5176F3D0AFC}.Release|x64.Build.0 = Release|x64
		{7703C732-05C9-4428-9CCD-D5176F3D0AFC}.Release|x86.ActiveCfg = Release|Win32
		{7703C732-05C9-4428-9CCD-D5176F3D0AFC}.Release|x86.Build.0 = Release|Win32
	EndGlobalSection
	GlobalSection(SolutionProperties) = preSolution
		HideSolutionNode = FALSE
	EndGlobalSection
EndGlobal
